
Microsoft Visual Studio Solution File, Format Version 12.00
# Visual Studio Version 17
VisualStudioVersion = 17.7.34003.232
MinimumVisualStudioVersion = 10.0.40219.1
Project("{FAE04EC0-301F-11D3-BF4B-00C04F79EFBC}") = "Entities", "Entities\Entities.csproj", "{98CBFB6D-A8AD-4C29-950E-8D4BDA0B1F2C}"
EndProject
Project("{FAE04EC0-301F-11D3-BF4B-00C04F79EFBC}") = "Core", "Core\Core.csproj", "{80229569-B2FC-4F3C-9A86-85809EA80974}"
EndProject
Global
	GlobalSection(SolutionConfigurationPlatforms) = preSolution
		Debug|Any CPU = Debug|Any CPU
		Release|Any CPU = Release|Any CPU
	EndGlobalSection
	GlobalSection(ProjectConfigurationPlatforms) = postSolution
		{98CBFB6D-A8AD-4C29-950E-8D4BDA0B1F2C}.Debug|Any CPU.ActiveCfg = Debug|Any CPU
		{98CBFB6D-A8AD-4C29-950E-8D4BDA0B1F2C}.Debug|Any CPU.Build.0 = Debug|Any CPU
		{98CBFB6D-A8AD-4C29-950E-8D4BDA0B1F2C}.Release|Any CPU.ActiveCfg = Release|Any CPU
		{98CBFB6D-A8AD-4C29-950E-8D4BDA0B1F2C}.Release|Any CPU.Build.0 = Release|Any CPU
		{80229569-B2FC-4F3C-9A86-85809EA80974}.Debug|Any CPU.ActiveCfg = Debug|Any CPU
		{80229569-B2FC-4F3C-9A86-85809EA80974}.Debug|Any CPU.Build.0 = Debug|Any CPU
		{80229569-B2FC-4F3C-9A86-85809EA80974}.Release|Any CPU.ActiveCfg = Release|Any CPU
		{80229569-B2FC-4F3C-9A86-85809EA80974}.Release|Any CPU.Build.0 = Release|Any CPU
	EndGlobalSection
	GlobalSection(SolutionProperties) = preSolution
		HideSolutionNode = FALSE
	EndGlobalSection
	GlobalSection(ExtensibilityGlobals) = postSolution
		SolutionGuid = {ED928A15-3B32-4D3F-9BB9-41ED932E10F1}
	EndGlobalSection
EndGlobal
